
Microsoft Visual Studio Solution File, Format Version 12.00
# Visual Studio Version 17
VisualStudioVersion = 17.5.2.0
MinimumVisualStudioVersion = 10.0.40219.1
Project("{FAE04EC0-301F-11D3-BF4B-00C04F79EFBC}") = "Chirp.Razor", "src\Chirp.Razor\Chirp.Razor.csproj", "{C36245E9-493F-4EE4-BC2A-16FB1CDD38D1}"
EndProject
Project("{FAE04EC0-301F-11D3-BF4B-00C04F79EFBC}") = "Chirp.Razor.Tests", "test\Chirp.Razor.Tests\Chirp.Razor.Tests.csproj", "{C8EF7395-5B53-44E3-8E84-165F27924CDE}"
EndProject
Project("{FAE04EC0-301F-11D3-BF4B-00C04F79EFBC}") = "Chirp.Domain", "src\Chirp.Domain\Chirp.Domain.csproj", "{F1DDF23C-2E79-42CA-80B6-0C8E4355660D}"
EndProject
Project("{FAE04EC0-301F-11D3-BF4B-00C04F79EFBC}") = "Chirp.Application", "src\Chirp.Application\Chirp.Application.csproj", "{5E312166-1361-4B27-B034-DAB6917E8542}"
EndProject
Project("{FAE04EC0-301F-11D3-BF4B-00C04F79EFBC}") = "Chirp.Infrastructure", "src\Chirp.Infrastructure\Chirp.Infrastructure.csproj", "{2F2657F9-D076-4215-9D5B-1D3EEBFEF1BA}"
EndProject
Project("{FAE04EC0-301F-11D3-BF4B-00C04F79EFBC}") = "Chirp.Infrastructure.Tests", "test\Chirp.Infrastructure.Tests\Chirp.Infrastructure.Tests.csproj", "{59A93A5E-B430-452F-BE35-AE308FC29BCD}"
EndProject
Global
	GlobalSection(SolutionConfigurationPlatforms) = preSolution
		Debug|Any CPU = Debug|Any CPU
		Debug|x64 = Debug|x64
		Debug|x86 = Debug|x86
		Release|Any CPU = Release|Any CPU
		Release|x64 = Release|x64
		Release|x86 = Release|x86
	EndGlobalSection
	GlobalSection(ProjectConfigurationPlatforms) = postSolution
		{C36245E9-493F-4EE4-BC2A-16FB1CDD38D1}.Debug|Any CPU.ActiveCfg = Debug|Any CPU
		{C36245E9-493F-4EE4-BC2A-16FB1CDD38D1}.Debug|Any CPU.Build.0 = Debug|Any CPU
		{C36245E9-493F-4EE4-BC2A-16FB1CDD38D1}.Debug|x64.ActiveCfg = Debug|Any CPU
		{C36245E9-493F-4EE4-BC2A-16FB1CDD38D1}.Debug|x64.Build.0 = Debug|Any CPU
		{C36245E9-493F-4EE4-BC2A-16FB1CDD38D1}.Debug|x86.ActiveCfg = Debug|Any CPU
		{C36245E9-493F-4EE4-BC2A-16FB1CDD38D1}.Debug|x86.Build.0 = Debug|Any CPU
		{C36245E9-493F-4EE4-BC2A-16FB1CDD38D1}.Release|Any CPU.ActiveCfg = Release|Any CPU
		{C36245E9-493F-4EE4-BC2A-16FB1CDD38D1}.Release|Any CPU.Build.0 = Release|Any CPU
		{C36245E9-493F-4EE4-BC2A-16FB1CDD38D1}.Release|x64.ActiveCfg = Release|Any CPU
		{C36245E9-493F-4EE4-BC2A-16FB1CDD38D1}.Release|x64.Build.0 = Release|Any CPU
		{C36245E9-493F-4EE4-BC2A-16FB1CDD38D1}.Release|x86.ActiveCfg = Release|Any CPU
		{C36245E9-493F-4EE4-BC2A-16FB1CDD38D1}.Release|x86.Build.0 = Release|Any CPU
		{C8EF7395-5B53-44E3-8E84-165F27924CDE}.Debug|Any CPU.ActiveCfg = Debug|Any CPU
		{C8EF7395-5B53-44E3-8E84-165F27924CDE}.Debug|Any CPU.Build.0 = Debug|Any CPU
		{C8EF7395-5B53-44E3-8E84-165F27924CDE}.Debug|x64.ActiveCfg = Debug|Any CPU
		{C8EF7395-5B53-44E3-8E84-165F27924CDE}.Debug|x64.Build.0 = Debug|Any CPU
		{C8EF7395-5B53-44E3-8E84-165F27924CDE}.Debug|x86.ActiveCfg = Debug|Any CPU
		{C8EF7395-5B53-44E3-8E84-165F27924CDE}.Debug|x86.Build.0 = Debug|Any CPU
		{C8EF7395-5B53-44E3-8E84-165F27924CDE}.Release|Any CPU.ActiveCfg = Release|Any CPU
		{C8EF7395-5B53-44E3-8E84-165F27924CDE}.Release|Any CPU.Build.0 = Release|Any CPU
		{C8EF7395-5B53-44E3-8E84-165F27924CDE}.Release|x64.ActiveCfg = Release|Any CPU
		{C8EF7395-5B53-44E3-8E84-165F27924CDE}.Release|x64.Build.0 = Release|Any CPU
		{C8EF7395-5B53-44E3-8E84-165F27924CDE}.Release|x86.ActiveCfg = Release|Any CPU
		{C8EF7395-5B53-44E3-8E84-165F27924CDE}.Release|x86.Build.0 = Release|Any CPU
		{F1DDF23C-2E79-42CA-80B6-0C8E4355660D}.Debug|Any CPU.ActiveCfg = Debug|Any CPU
		{F1DDF23C-2E79-42CA-80B6-0C8E4355660D}.Debug|Any CPU.Build.0 = Debug|Any CPU
		{F1DDF23C-2E79-42CA-80B6-0C8E4355660D}.Debug|x64.ActiveCfg = Debug|Any CPU
		{F1DDF23C-2E79-42CA-80B6-0C8E4355660D}.Debug|x64.Build.0 = Debug|Any CPU
		{F1DDF23C-2E79-42CA-80B6-0C8E4355660D}.Debug|x86.ActiveCfg = Debug|Any CPU
		{F1DDF23C-2E79-42CA-80B6-0C8E4355660D}.Debug|x86.Build.0 = Debug|Any CPU
		{F1DDF23C-2E79-42CA-80B6-0C8E4355660D}.Release|Any CPU.ActiveCfg = Release|Any CPU
		{F1DDF23C-2E79-42CA-80B6-0C8E4355660D}.Release|Any CPU.Build.0 = Release|Any CPU
		{F1DDF23C-2E79-42CA-80B6-0C8E4355660D}.Release|x64.ActiveCfg = Release|Any CPU
		{F1DDF23C-2E79-42CA-80B6-0C8E4355660D}.Release|x64.Build.0 = Release|Any CPU
		{F1DDF23C-2E79-42CA-80B6-0C8E4355660D}.Release|x86.ActiveCfg = Release|Any CPU
		{F1DDF23C-2E79-42CA-80B6-0C8E4355660D}.Release|x86.Build.0 = Release|Any CPU
		{5E312166-1361-4B27-B034-DAB6917E8542}.Debug|Any CPU.ActiveCfg = Debug|Any CPU
		{5E312166-1361-4B27-B034-DAB6917E8542}.Debug|Any CPU.Build.0 = Debug|Any CPU
		{5E312166-1361-4B27-B034-DAB6917E8542}.Debug|x64.ActiveCfg = Debug|Any CPU
		{5E312166-1361-4B27-B034-DAB6917E8542}.Debug|x64.Build.0 = Debug|Any CPU
		{5E312166-1361-4B27-B034-DAB6917E8542}.Debug|x86.ActiveCfg = Debug|Any CPU
		{5E312166-1361-4B27-B034-DAB6917E8542}.Debug|x86.Build.0 = Debug|Any CPU
		{5E312166-1361-4B27-B034-DAB6917E8542}.Release|Any CPU.ActiveCfg = Release|Any CPU
		{5E312166-1361-4B27-B034-DAB6917E8542}.Release|Any CPU.Build.0 = Release|Any CPU
		{5E312166-1361-4B27-B034-DAB6917E8542}.Release|x64.ActiveCfg = Release|Any CPU
		{5E312166-1361-4B27-B034-DAB6917E8542}.Release|x64.Build.0 = Release|Any CPU
		{5E312166-1361-4B27-B034-DAB6917E8542}.Release|x86.ActiveCfg = Release|Any CPU
		{5E312166-1361-4B27-B034-DAB6917E8542}.Release|x86.Build.0 = Release|Any CPU
		{2F2657F9-D076-4215-9D5B-1D3EEBFEF1BA}.Debug|Any CPU.ActiveCfg = Debug|Any CPU
		{2F2657F9-D076-4215-9D5B-1D3EEBFEF1BA}.Debug|Any CPU.Build.0 = Debug|Any CPU
		{2F2657F9-D076-4215-9D5B-1D3EEBFEF1BA}.Debug|x64.ActiveCfg = Debug|Any CPU
		{2F2657F9-D076-4215-9D5B-1D3EEBFEF1BA}.Debug|x64.Build.0 = Debug|Any CPU
		{2F2657F9-D076-4215-9D5B-1D3EEBFEF1BA}.Debug|x86.ActiveCfg = Debug|Any CPU
		{2F2657F9-D076-4215-9D5B-1D3EEBFEF1BA}.Debug|x86.Build.0 = Debug|Any CPU
		{2F2657F9-D076-4215-9D5B-1D3EEBFEF1BA}.Release|Any CPU.ActiveCfg = Release|Any CPU
		{2F2657F9-D076-4215-9D5B-1D3EEBFEF1BA}.Release|Any CPU.Build.0 = Release|Any CPU
		{2F2657F9-D076-4215-9D5B-1D3EEBFEF1BA}.Release|x64.ActiveCfg = Release|Any CPU
		{2F2657F9-D076-4215-9D5B-1D3EEBFEF1BA}.Release|x64.Build.0 = Release|Any CPU
		{2F2657F9-D076-4215-9D5B-1D3EEBFEF1BA}.Release|x86.ActiveCfg = Release|Any CPU
		{2F2657F9-D076-4215-9D5B-1D3EEBFEF1BA}.Release|x86.Build.0 = Release|Any CPU
		{59A93A5E-B430-452F-BE35-AE308FC29BCD}.Debug|Any CPU.ActiveCfg = Debug|Any CPU
		{59A93A5E-B430-452F-BE35-AE308FC29BCD}.Debug|Any CPU.Build.0 = Debug|Any CPU
		{59A93A5E-B430-452F-BE35-AE308FC29BCD}.Debug|x64.ActiveCfg = Debug|Any CPU
		{59A93A5E-B430-452F-BE35-AE308FC29BCD}.Debug|x64.Build.0 = Debug|Any CPU
		{59A93A5E-B430-452F-BE35-AE308FC29BCD}.Debug|x86.ActiveCfg = Debug|Any CPU
		{59A93A5E-B430-452F-BE35-AE308FC29BCD}.Debug|x86.Build.0 = Debug|Any CPU
		{59A93A5E-B430-452F-BE35-AE308FC29BCD}.Release|Any CPU.ActiveCfg = Release|Any CPU
		{59A93A5E-B430-452F-BE35-AE308FC29BCD}.Release|Any CPU.Build.0 = Release|Any CPU
		{59A93A5E-B430-452F-BE35-AE308FC29BCD}.Release|x64.ActiveCfg = Release|Any CPU
		{59A93A5E-B430-452F-BE35-AE308FC29BCD}.Release|x64.Build.0 = Release|Any CPU
		{59A93A5E-B430-452F-BE35-AE308FC29BCD}.Release|x86.ActiveCfg = Release|Any CPU
		{59A93A5E-B430-452F-BE35-AE308FC29BCD}.Release|x86.Build.0 = Release|Any CPU
	EndGlobalSection
	GlobalSection(SolutionProperties) = preSolution
		HideSolutionNode = FALSE
	EndGlobalSection
	GlobalSection(ExtensibilityGlobals) = postSolution
		SolutionGuid = {99A4BECE-6592-4802-8F1D-03DFF30348FE}
	EndGlobalSection
EndGlobal
