
Microsoft Visual Studio Solution File, Format Version 12.00
# Visual Studio Version 17
VisualStudioVersion = 17.5.2.0
MinimumVisualStudioVersion = 10.0.40219.1
Project("{FAE04EC0-301F-11D3-BF4B-00C04F79EFBC}") = "Chirp.CLI.Client", "src\Chirp.CLI.Client\Chirp.CLI.Client.csproj", "{8EF926D7-64DC-0A6F-F3CC-961C27C4B9C2}"
EndProject
Project("{FAE04EC0-301F-11D3-BF4B-00C04F79EFBC}") = "Chirp.SimpleDB", "src\Chirp.SimpleDB\Chirp.SimpleDB.csproj", "{A800FD4B-0884-43D9-84B5-4528701B6ED6}"
EndProject
Project("{FAE04EC0-301F-11D3-BF4B-00C04F79EFBC}") = "Chirp.CLI.Client.Test", "test\Chirp.CLI.Client.Test\Chirp.CLI.Client.Tests.csproj", "{D9B6DE00-6FE1-45F4-AD7B-A9853905E44B}"
EndProject
Project("{FAE04EC0-301F-11D3-BF4B-00C04F79EFBC}") = "Chirp.SimpleDB.Test", "test\Chirp.SimpleDB.Test\Chirp.SimpleDB.Tests.csproj", "{526738D4-AEC8-4182-84AB-4E579B1EB8BC}"
EndProject
Global
	GlobalSection(SolutionConfigurationPlatforms) = preSolution
		Debug|Any CPU = Debug|Any CPU
		Release|Any CPU = Release|Any CPU
	EndGlobalSection
	GlobalSection(ProjectConfigurationPlatforms) = postSolution
		{8EF926D7-64DC-0A6F-F3CC-961C27C4B9C2}.Debug|Any CPU.ActiveCfg = Debug|Any CPU
		{8EF926D7-64DC-0A6F-F3CC-961C27C4B9C2}.Debug|Any CPU.Build.0 = Debug|Any CPU
		{8EF926D7-64DC-0A6F-F3CC-961C27C4B9C2}.Release|Any CPU.ActiveCfg = Release|Any CPU
		{8EF926D7-64DC-0A6F-F3CC-961C27C4B9C2}.Release|Any CPU.Build.0 = Release|Any CPU
		{A800FD4B-0884-43D9-84B5-4528701B6ED6}.Debug|Any CPU.ActiveCfg = Debug|Any CPU
		{A800FD4B-0884-43D9-84B5-4528701B6ED6}.Debug|Any CPU.Build.0 = Debug|Any CPU
		{D9B6DE00-6FE1-45F4-AD7B-A9853905E44B}.Debug|Any CPU.ActiveCfg = Debug|Any CPU
		{D9B6DE00-6FE1-45F4-AD7B-A9853905E44B}.Debug|Any CPU.Build.0 = Debug|Any CPU
		{526738D4-AEC8-4182-84AB-4E579B1EB8BC}.Debug|Any CPU.ActiveCfg = Debug|Any CPU
		{526738D4-AEC8-4182-84AB-4E579B1EB8BC}.Debug|Any CPU.Build.0 = Debug|Any CPU
	EndGlobalSection
	GlobalSection(SolutionProperties) = preSolution
		HideSolutionNode = FALSE
	EndGlobalSection
	GlobalSection(ExtensibilityGlobals) = postSolution
		SolutionGuid = {99A4BECE-6592-4802-8F1D-03DFF30348FE}
	EndGlobalSection
EndGlobal
